
Microsoft Visual Studio Solution File, Format Version 12.00
# Visual Studio 2013
VisualStudioVersion = 12.0.31101.0
MinimumVisualStudioVersion = 10.0.40219.1
Project("{FAE04EC0-301F-11D3-BF4B-00C04F79EFBC}") = "MVC5Platform", "MVC5Platform\MVC5Platform.csproj", "{9FD37757-0340-4D23-957E-7207346368D3}"
EndProject
Project("{FAE04EC0-301F-11D3-BF4B-00C04F79EFBC}") = "CommonModules", "CommonModules\CommonModules.csproj", "{2881667E-773D-4708-A3F9-679DEDFA421B}"
EndProject
Project("{FAE04EC0-301F-11D3-BF4B-00C04F79EFBC}") = "RequestFlow", "RequestFlow\RequestFlow.csproj", "{48D93C13-EAC4-4237-9D22-B17A53DDA210}"
EndProject
Project("{FAE04EC0-301F-11D3-BF4B-00C04F79EFBC}") = "Mobile", "Mobile\Mobile.csproj", "{3FE82F13-35BB-4702-B231-04904224A886}"
EndProject
Project("{FAE04EC0-301F-11D3-BF4B-00C04F79EFBC}") = "ConfigFiles", "ConfigFiles\ConfigFiles.csproj", "{AF34831E-1E3B-4082-A58E-390B653D3D88}"
EndProject
Project("{FAE04EC0-301F-11D3-BF4B-00C04F79EFBC}") = "StateData", "StateData\StateData.csproj", "{2F815E81-4F99-4B13-8A51-80A21C6F003F}"
EndProject
Global
	GlobalSection(SolutionConfigurationPlatforms) = preSolution
		Debug|Any CPU = Debug|Any CPU
		Release|Any CPU = Release|Any CPU
	EndGlobalSection
	GlobalSection(ProjectConfigurationPlatforms) = postSolution
		{9FD37757-0340-4D23-957E-7207346368D3}.Debug|Any CPU.ActiveCfg = Debug|Any CPU
		{9FD37757-0340-4D23-957E-7207346368D3}.Debug|Any CPU.Build.0 = Debug|Any CPU
		{9FD37757-0340-4D23-957E-7207346368D3}.Release|Any CPU.ActiveCfg = Release|Any CPU
		{9FD37757-0340-4D23-957E-7207346368D3}.Release|Any CPU.Build.0 = Release|Any CPU
		{2881667E-773D-4708-A3F9-679DEDFA421B}.Debug|Any CPU.ActiveCfg = Debug|Any CPU
		{2881667E-773D-4708-A3F9-679DEDFA421B}.Debug|Any CPU.Build.0 = Debug|Any CPU
		{2881667E-773D-4708-A3F9-679DEDFA421B}.Release|Any CPU.ActiveCfg = Release|Any CPU
		{2881667E-773D-4708-A3F9-679DEDFA421B}.Release|Any CPU.Build.0 = Release|Any CPU
		{48D93C13-EAC4-4237-9D22-B17A53DDA210}.Debug|Any CPU.ActiveCfg = Debug|Any CPU
		{48D93C13-EAC4-4237-9D22-B17A53DDA210}.Debug|Any CPU.Build.0 = Debug|Any CPU
		{48D93C13-EAC4-4237-9D22-B17A53DDA210}.Release|Any CPU.ActiveCfg = Release|Any CPU
		{48D93C13-EAC4-4237-9D22-B17A53DDA210}.Release|Any CPU.Build.0 = Release|Any CPU
		{3FE82F13-35BB-4702-B231-04904224A886}.Debug|Any CPU.ActiveCfg = Debug|Any CPU
		{3FE82F13-35BB-4702-B231-04904224A886}.Debug|Any CPU.Build.0 = Debug|Any CPU
		{3FE82F13-35BB-4702-B231-04904224A886}.Release|Any CPU.ActiveCfg = Release|Any CPU
		{3FE82F13-35BB-4702-B231-04904224A886}.Release|Any CPU.Build.0 = Release|Any CPU
		{AF34831E-1E3B-4082-A58E-390B653D3D88}.Debug|Any CPU.ActiveCfg = Debug|Any CPU
		{AF34831E-1E3B-4082-A58E-390B653D3D88}.Debug|Any CPU.Build.0 = Debug|Any CPU
		{AF34831E-1E3B-4082-A58E-390B653D3D88}.Release|Any CPU.ActiveCfg = Release|Any CPU
		{AF34831E-1E3B-4082-A58E-390B653D3D88}.Release|Any CPU.Build.0 = Release|Any CPU
		{2F815E81-4F99-4B13-8A51-80A21C6F003F}.Debug|Any CPU.ActiveCfg = Debug|Any CPU
		{2F815E81-4F99-4B13-8A51-80A21C6F003F}.Debug|Any CPU.Build.0 = Debug|Any CPU
		{2F815E81-4F99-4B13-8A51-80A21C6F003F}.Release|Any CPU.ActiveCfg = Release|Any CPU
		{2F815E81-4F99-4B13-8A51-80A21C6F003F}.Release|Any CPU.Build.0 = Release|Any CPU
	EndGlobalSection
	GlobalSection(SolutionProperties) = preSolution
		HideSolutionNode = FALSE
	EndGlobalSection
EndGlobal
