
Microsoft Visual Studio Solution File, Format Version 12.00
# Visual Studio 2013
VisualStudioVersion = 12.0.31101.0
MinimumVisualStudioVersion = 10.0.40219.1
Project("{FAE04EC0-301F-11D3-BF4B-00C04F79EFBC}") = "MVC5Platform", "MVC5Platform\MVC5Platform.csproj", "{9FD37757-0340-4D23-957E-7207346368D3}"
EndProject
Project("{FAE04EC0-301F-11D3-BF4B-00C04F79EFBC}") = "CommonModules", "CommonModules\CommonModules.csproj", "{2881667E-773D-4708-A3F9-679DEDFA421B}"
EndProject
Project("{FAE04EC0-301F-11D3-BF4B-00C04F79EFBC}") = "RequestFlow", "RequestFlow\RequestFlow.csproj", "{48D93C13-EAC4-4237-9D22-B17A53DDA210}"
EndProject
Global
	GlobalSection(SolutionConfigurationPlatforms) = preSolution
		Debug|Any CPU = Debug|Any CPU
		Release|Any CPU = Release|Any CPU
	EndGlobalSection
	GlobalSection(ProjectConfigurationPlatforms) = postSolution
		{9FD37757-0340-4D23-957E-7207346368D3}.Debug|Any CPU.ActiveCfg = Debug|Any CPU
		{9FD37757-0340-4D23-957E-7207346368D3}.Debug|Any CPU.Build.0 = Debug|Any CPU
		{9FD37757-0340-4D23-957E-7207346368D3}.Release|Any CPU.ActiveCfg = Release|Any CPU
		{9FD37757-0340-4D23-957E-7207346368D3}.Release|Any CPU.Build.0 = Release|Any CPU
		{2881667E-773D-4708-A3F9-679DEDFA421B}.Debug|Any CPU.ActiveCfg = Debug|Any CPU
		{2881667E-773D-4708-A3F9-679DEDFA421B}.Debug|Any CPU.Build.0 = Debug|Any CPU
		{2881667E-773D-4708-A3F9-679DEDFA421B}.Release|Any CPU.ActiveCfg = Release|Any CPU
		{2881667E-773D-4708-A3F9-679DEDFA421B}.Release|Any CPU.Build.0 = Release|Any CPU
		{48D93C13-EAC4-4237-9D22-B17A53DDA210}.Debug|Any CPU.ActiveCfg = Debug|Any CPU
		{48D93C13-EAC4-4237-9D22-B17A53DDA210}.Debug|Any CPU.Build.0 = Debug|Any CPU
		{48D93C13-EAC4-4237-9D22-B17A53DDA210}.Release|Any CPU.ActiveCfg = Release|Any CPU
		{48D93C13-EAC4-4237-9D22-B17A53DDA210}.Release|Any CPU.Build.0 = Release|Any CPU
	EndGlobalSection
	GlobalSection(SolutionProperties) = preSolution
		HideSolutionNode = FALSE
	EndGlobalSection
EndGlobal
